// !$*UTF8*$!
{
	archiveVersion = 1;
	classes = {
	};
	objectVersion = 77;
	objects = {

/* Begin PBXContainerItemProxy section */
		ED23E7242CD7FF7D00AC7891 /* PBXContainerItemProxy */ = {
			isa = PBXContainerItemProxy;
			containerPortal = ED23E70B2CD7FF7A00AC7891 /* Project object */;
			proxyType = 1;
			remoteGlobalIDString = ED23E7122CD7FF7A00AC7891;
			remoteInfo = PhotosMovies;
		};
		ED23E72E2CD7FF7D00AC7891 /* PBXContainerItemProxy */ = {
			isa = PBXContainerItemProxy;
			containerPortal = ED23E70B2CD7FF7A00AC7891 /* Project object */;
			proxyType = 1;
			remoteGlobalIDString = ED23E7122CD7FF7A00AC7891;
			remoteInfo = PhotosMovies;
		};
/* End PBXContainerItemProxy section */

/* Begin PBXFileReference section */
		ED23E7132CD7FF7A00AC7891 /* PhotosMovies.app */ = {isa = PBXFileReference; explicitFileType = wrapper.application; includeInIndex = 0; path = PhotosMovies.app; sourceTree = BUILT_PRODUCTS_DIR; };
		ED23E7232CD7FF7D00AC7891 /* PhotosMoviesTests.xctest */ = {isa = PBXFileReference; explicitFileType = wrapper.cfbundle; includeInIndex = 0; path = PhotosMoviesTests.xctest; sourceTree = BUILT_PRODUCTS_DIR; };
		ED23E72D2CD7FF7D00AC7891 /* PhotosMoviesUITests.xctest */ = {isa = PBXFileReference; explicitFileType = wrapper.cfbundle; includeInIndex = 0; path = PhotosMoviesUITests.xctest; sourceTree = BUILT_PRODUCTS_DIR; };
/* End PBXFileReference section */

/* Begin PBXFileSystemSynchronizedBuildFileExceptionSet section */
		ED9D57232CD8076C00F1E834 /* Exceptions for "PhotosMovies" folder in "PhotosMovies" target */ = {
			isa = PBXFileSystemSynchronizedBuildFileExceptionSet;
			membershipExceptions = (
				Tests/PhotosMoviesTests/PhotosMoviesTests.swift,
				Tests/PhotosMoviesUITests/PhotosMoviesUITests.swift,
				Tests/PhotosMoviesUITests/PhotosMoviesUITestsLaunchTests.swift,
			);
			target = ED23E7122CD7FF7A00AC7891 /* PhotosMovies */;
		};
		ED9D57242CD8076C00F1E834 /* Exceptions for "PhotosMovies" folder in "PhotosMoviesTests" target */ = {
			isa = PBXFileSystemSynchronizedBuildFileExceptionSet;
			membershipExceptions = (
				Tests/PhotosMoviesTests/PhotosMoviesTests.swift,
			);
			target = ED23E7222CD7FF7D00AC7891 /* PhotosMoviesTests */;
		};
		ED9D57252CD8076C00F1E834 /* Exceptions for "PhotosMovies" folder in "PhotosMoviesUITests" target */ = {
			isa = PBXFileSystemSynchronizedBuildFileExceptionSet;
			membershipExceptions = (
				Tests/PhotosMoviesUITests/PhotosMoviesUITests.swift,
				Tests/PhotosMoviesUITests/PhotosMoviesUITestsLaunchTests.swift,
			);
			target = ED23E72C2CD7FF7D00AC7891 /* PhotosMoviesUITests */;
		};
/* End PBXFileSystemSynchronizedBuildFileExceptionSet section */

/* Begin PBXFileSystemSynchronizedRootGroup section */
		ED23E7152CD7FF7A00AC7891 /* PhotosMovies */ = {
			isa = PBXFileSystemSynchronizedRootGroup;
			exceptions = (
				ED9D57232CD8076C00F1E834 /* Exceptions for "PhotosMovies" folder in "PhotosMovies" target */,
				ED9D57242CD8076C00F1E834 /* Exceptions for "PhotosMovies" folder in "PhotosMoviesTests" target */,
				ED9D57252CD8076C00F1E834 /* Exceptions for "PhotosMovies" folder in "PhotosMoviesUITests" target */,
			);
			path = PhotosMovies;
			sourceTree = "<group>";
		};
/* End PBXFileSystemSynchronizedRootGroup section */

/* Begin PBXFrameworksBuildPhase section */
		ED23E7102CD7FF7A00AC7891 /* Frameworks */ = {
			isa = PBXFrameworksBuildPhase;
			buildActionMask = 2147483647;
			files = (
			);
			runOnlyForDeploymentPostprocessing = 0;
		};
		ED23E7202CD7FF7D00AC7891 /* Frameworks */ = {
			isa = PBXFrameworksBuildPhase;
			buildActionMask = 2147483647;
			files = (
			);
			runOnlyForDeploymentPostprocessing = 0;
		};
		ED23E72A2CD7FF7D00AC7891 /* Frameworks */ = {
			isa = PBXFrameworksBuildPhase;
			buildActionMask = 2147483647;
			files = (
			);
			runOnlyForDeploymentPostprocessing = 0;
		};
/* End PBXFrameworksBuildPhase section */

/* Begin PBXGroup section */
		ED23E70A2CD7FF7A00AC7891 = {
			isa = PBXGroup;
			children = (
				ED23E7152CD7FF7A00AC7891 /* PhotosMovies */,
				ED23E7142CD7FF7A00AC7891 /* Products */,
			);
			sourceTree = "<group>";
		};
		ED23E7142CD7FF7A00AC7891 /* Products */ = {
			isa = PBXGroup;
			children = (
				ED23E7132CD7FF7A00AC7891 /* PhotosMovies.app */,
				ED23E7232CD7FF7D00AC7891 /* PhotosMoviesTests.xctest */,
				ED23E72D2CD7FF7D00AC7891 /* PhotosMoviesUITests.xctest */,
			);
			name = Products;
			sourceTree = "<group>";
		};
/* End PBXGroup section */

/* Begin PBXNativeTarget section */
		ED23E7122CD7FF7A00AC7891 /* PhotosMovies */ = {
			isa = PBXNativeTarget;
			buildConfigurationList = ED23E7372CD7FF7D00AC7891 /* Build configuration list for PBXNativeTarget "PhotosMovies" */;
			buildPhases = (
				ED23E70F2CD7FF7A00AC7891 /* Sources */,
				ED23E7102CD7FF7A00AC7891 /* Frameworks */,
				ED23E7112CD7FF7A00AC7891 /* Resources */,
			);
			buildRules = (
			);
			dependencies = (
			);
			fileSystemSynchronizedGroups = (
				ED23E7152CD7FF7A00AC7891 /* PhotosMovies */,
			);
			name = PhotosMovies;
			packageProductDependencies = (
			);
			productName = PhotosMovies;
			productReference = ED23E7132CD7FF7A00AC7891 /* PhotosMovies.app */;
			productType = "com.apple.product-type.application";
		};
		ED23E7222CD7FF7D00AC7891 /* PhotosMoviesTests */ = {
			isa = PBXNativeTarget;
			buildConfigurationList = ED23E73A2CD7FF7D00AC7891 /* Build configuration list for PBXNativeTarget "PhotosMoviesTests" */;
			buildPhases = (
				ED23E71F2CD7FF7D00AC7891 /* Sources */,
				ED23E7202CD7FF7D00AC7891 /* Frameworks */,
				ED23E7212CD7FF7D00AC7891 /* Resources */,
			);
			buildRules = (
			);
			dependencies = (
				ED23E7252CD7FF7D00AC7891 /* PBXTargetDependency */,
			);
			name = PhotosMoviesTests;
			packageProductDependencies = (
			);
			productName = PhotosMoviesTests;
			productReference = ED23E7232CD7FF7D00AC7891 /* PhotosMoviesTests.xctest */;
			productType = "com.apple.product-type.bundle.unit-test";
		};
		ED23E72C2CD7FF7D00AC7891 /* PhotosMoviesUITests */ = {
			isa = PBXNativeTarget;
			buildConfigurationList = ED23E73D2CD7FF7D00AC7891 /* Build configuration list for PBXNativeTarget "PhotosMoviesUITests" */;
			buildPhases = (
				ED23E7292CD7FF7D00AC7891 /* Sources */,
				ED23E72A2CD7FF7D00AC7891 /* Frameworks */,
				ED23E72B2CD7FF7D00AC7891 /* Resources */,
			);
			buildRules = (
			);
			dependencies = (
				ED23E72F2CD7FF7D00AC7891 /* PBXTargetDependency */,
			);
			name = PhotosMoviesUITests;
			packageProductDependencies = (
			);
			productName = PhotosMoviesUITests;
			productReference = ED23E72D2CD7FF7D00AC7891 /* PhotosMoviesUITests.xctest */;
			productType = "com.apple.product-type.bundle.ui-testing";
		};
/* End PBXNativeTarget section */

/* Begin PBXProject section */
		ED23E70B2CD7FF7A00AC7891 /* Project object */ = {
			isa = PBXProject;
			attributes = {
				BuildIndependentTargetsInParallel = 1;
				LastSwiftUpdateCheck = 1600;
				LastUpgradeCheck = 1600;
				TargetAttributes = {
					ED23E7122CD7FF7A00AC7891 = {
						CreatedOnToolsVersion = 16.0;
					};
					ED23E7222CD7FF7D00AC7891 = {
						CreatedOnToolsVersion = 16.0;
						TestTargetID = ED23E7122CD7FF7A00AC7891;
					};
					ED23E72C2CD7FF7D00AC7891 = {
						CreatedOnToolsVersion = 16.0;
						TestTargetID = ED23E7122CD7FF7A00AC7891;
					};
				};
			};
			buildConfigurationList = ED23E70E2CD7FF7A00AC7891 /* Build configuration list for PBXProject "PhotosMovies" */;
			developmentRegion = en;
			hasScannedForEncodings = 0;
			knownRegions = (
				en,
				Base,
			);
			mainGroup = ED23E70A2CD7FF7A00AC7891;
			minimizedProjectReferenceProxies = 1;
			preferredProjectObjectVersion = 77;
			productRefGroup = ED23E7142CD7FF7A00AC7891 /* Products */;
			projectDirPath = "";
			projectRoot = "";
			targets = (
				ED23E7122CD7FF7A00AC7891 /* PhotosMovies */,
				ED23E7222CD7FF7D00AC7891 /* PhotosMoviesTests */,
				ED23E72C2CD7FF7D00AC7891 /* PhotosMoviesUITests */,
			);
		};
/* End PBXProject section */

/* Begin PBXResourcesBuildPhase section */
		ED23E7112CD7FF7A00AC7891 /* Resources */ = {
			isa = PBXResourcesBuildPhase;
			buildActionMask = 2147483647;
			files = (
			);
			runOnlyForDeploymentPostprocessing = 0;
		};
		ED23E7212CD7FF7D00AC7891 /* Resources */ = {
			isa = PBXResourcesBuildPhase;
			buildActionMask = 2147483647;
			files = (
			);
			runOnlyForDeploymentPostprocessing = 0;
		};
		ED23E72B2CD7FF7D00AC7891 /* Resources */ = {
			isa = PBXResourcesBuildPhase;
			buildActionMask = 2147483647;
			files = (
			);
			runOnlyForDeploymentPostprocessing = 0;
		};
/* End PBXResourcesBuildPhase section */

/* Begin PBXSourcesBuildPhase section */
		ED23E70F2CD7FF7A00AC7891 /* Sources */ = {
			isa = PBXSourcesBuildPhase;
			buildActionMask = 2147483647;
			files = (
			);
			runOnlyForDeploymentPostprocessing = 0;
		};
		ED23E71F2CD7FF7D00AC7891 /* Sources */ = {
			isa = PBXSourcesBuildPhase;
			buildActionMask = 2147483647;
			files = (
			);
			runOnlyForDeploymentPostprocessing = 0;
		};
		ED23E7292CD7FF7D00AC7891 /* Sources */ = {
			isa = PBXSourcesBuildPhase;
			buildActionMask = 2147483647;
			files = (
			);
			runOnlyForDeploymentPostprocessing = 0;
		};
/* End PBXSourcesBuildPhase section */

/* Begin PBXTargetDependency section */
		ED23E7252CD7FF7D00AC7891 /* PBXTargetDependency */ = {
			isa = PBXTargetDependency;
			target = ED23E7122CD7FF7A00AC7891 /* PhotosMovies */;
			targetProxy = ED23E7242CD7FF7D00AC7891 /* PBXContainerItemProxy */;
		};
		ED23E72F2CD7FF7D00AC7891 /* PBXTargetDependency */ = {
			isa = PBXTargetDependency;
			target = ED23E7122CD7FF7A00AC7891 /* PhotosMovies */;
			targetProxy = ED23E72E2CD7FF7D00AC7891 /* PBXContainerItemProxy */;
		};
/* End PBXTargetDependency section */

/* Begin XCBuildConfiguration section */
		ED23E7352CD7FF7D00AC7891 /* Debug */ = {
			isa = XCBuildConfiguration;
			buildSettings = {
				ALWAYS_SEARCH_USER_PATHS = NO;
				ASSETCATALOG_COMPILER_GENERATE_SWIFT_ASSET_SYMBOL_EXTENSIONS = YES;
				CLANG_ANALYZER_NONNULL = YES;
				CLANG_ANALYZER_NUMBER_OBJECT_CONVERSION = YES_AGGRESSIVE;
				CLANG_CXX_LANGUAGE_STANDARD = "gnu++20";
				CLANG_ENABLE_MODULES = YES;
				CLANG_ENABLE_OBJC_ARC = YES;
				CLANG_ENABLE_OBJC_WEAK = YES;
				CLANG_WARN_BLOCK_CAPTURE_AUTORELEASING = YES;
				CLANG_WARN_BOOL_CONVERSION = YES;
				CLANG_WARN_COMMA = YES;
				CLANG_WARN_CONSTANT_CONVERSION = YES;
				CLANG_WARN_DEPRECATED_OBJC_IMPLEMENTATIONS = YES;
				CLANG_WARN_DIRECT_OBJC_ISA_USAGE = YES_ERROR;
				CLANG_WARN_DOCUMENTATION_COMMENTS = YES;
				CLANG_WARN_EMPTY_BODY = YES;
				CLANG_WARN_ENUM_CONVERSION = YES;
				CLANG_WARN_INFINITE_RECURSION = YES;
				CLANG_WARN_INT_CONVERSION = YES;
				CLANG_WARN_NON_LITERAL_NULL_CONVERSION = YES;
				CLANG_WARN_OBJC_IMPLICIT_RETAIN_SELF = YES;
				CLANG_WARN_OBJC_LITERAL_CONVERSION = YES;
				CLANG_WARN_OBJC_ROOT_CLASS = YES_ERROR;
				CLANG_WARN_QUOTED_INCLUDE_IN_FRAMEWORK_HEADER = YES;
				CLANG_WARN_RANGE_LOOP_ANALYSIS = YES;
				CLANG_WARN_STRICT_PROTOTYPES = YES;
				CLANG_WARN_SUSPICIOUS_MOVE = YES;
				CLANG_WARN_UNGUARDED_AVAILABILITY = YES_AGGRESSIVE;
				CLANG_WARN_UNREACHABLE_CODE = YES;
				CLANG_WARN__DUPLICATE_METHOD_MATCH = YES;
				COPY_PHASE_STRIP = NO;
				DEBUG_INFORMATION_FORMAT = dwarf;
				ENABLE_STRICT_OBJC_MSGSEND = YES;
				ENABLE_TESTABILITY = YES;
				ENABLE_USER_SCRIPT_SANDBOXING = YES;
				GCC_C_LANGUAGE_STANDARD = gnu17;
				GCC_DYNAMIC_NO_PIC = NO;
				GCC_NO_COMMON_BLOCKS = YES;
				GCC_OPTIMIZATION_LEVEL = 0;
				GCC_PREPROCESSOR_DEFINITIONS = (
					"DEBUG=1",
					"$(inherited)",
				);
				GCC_WARN_64_TO_32_BIT_CONVERSION = YES;
				GCC_WARN_ABOUT_RETURN_TYPE = YES_ERROR;
				GCC_WARN_UNDECLARED_SELECTOR = YES;
				GCC_WARN_UNINITIALIZED_AUTOS = YES_AGGRESSIVE;
				GCC_WARN_UNUSED_FUNCTION = YES;
				GCC_WARN_UNUSED_VARIABLE = YES;
				IPHONEOS_DEPLOYMENT_TARGET = 18.0;
				LOCALIZATION_PREFERS_STRING_CATALOGS = YES;
				MTL_ENABLE_DEBUG_INFO = INCLUDE_SOURCE;
				MTL_FAST_MATH = YES;
				ONLY_ACTIVE_ARCH = YES;
				SDKROOT = iphoneos;
				SWIFT_ACTIVE_COMPILATION_CONDITIONS = "DEBUG $(inherited)";
				SWIFT_OPTIMIZATION_LEVEL = "-Onone";
			};
			name = Debug;
		};
		ED23E7362CD7FF7D00AC7891 /* Release */ = {
			isa = XCBuildConfiguration;
			buildSettings = {
				ALWAYS_SEARCH_USER_PATHS = NO;
				ASSETCATALOG_COMPILER_GENERATE_SWIFT_ASSET_SYMBOL_EXTENSIONS = YES;
				CLANG_ANALYZER_NONNULL = YES;
				CLANG_ANALYZER_NUMBER_OBJECT_CONVERSION = YES_AGGRESSIVE;
				CLANG_CXX_LANGUAGE_STANDARD = "gnu++20";
				CLANG_ENABLE_MODULES = YES;
				CLANG_ENABLE_OBJC_ARC = YES;
				CLANG_ENABLE_OBJC_WEAK = YES;
				CLANG_WARN_BLOCK_CAPTURE_AUTORELEASING = YES;
				CLANG_WARN_BOOL_CONVERSION = YES;
				CLANG_WARN_COMMA = YES;
				CLANG_WARN_CONSTANT_CONVERSION = YES;
				CLANG_WARN_DEPRECATED_OBJC_IMPLEMENTATIONS = YES;
				CLANG_WARN_DIRECT_OBJC_ISA_USAGE = YES_ERROR;
				CLANG_WARN_DOCUMENTATION_COMMENTS = YES;
				CLANG_WARN_EMPTY_BODY = YES;
				CLANG_WARN_ENUM_CONVERSION = YES;
				CLANG_WARN_INFINITE_RECURSION = YES;
				CLANG_WARN_INT_CONVERSION = YES;
				CLANG_WARN_NON_LITERAL_NULL_CONVERSION = YES;
				CLANG_WARN_OBJC_IMPLICIT_RETAIN_SELF = YES;
				CLANG_WARN_OBJC_LITERAL_CONVERSION = YES;
				CLANG_WARN_OBJC_ROOT_CLASS = YES_ERROR;
				CLANG_WARN_QUOTED_INCLUDE_IN_FRAMEWORK_HEADER = YES;
				CLANG_WARN_RANGE_LOOP_ANALYSIS = YES;
				CLANG_WARN_STRICT_PROTOTYPES = YES;
				CLANG_WARN_SUSPICIOUS_MOVE = YES;
				CLANG_WARN_UNGUARDED_AVAILABILITY = YES_AGGRESSIVE;
				CLANG_WARN_UNREACHABLE_CODE = YES;
				CLANG_WARN__DUPLICATE_METHOD_MATCH = YES;
				COPY_PHASE_STRIP = NO;
				DEBUG_INFORMATION_FORMAT = "dwarf-with-dsym";
				ENABLE_NS_ASSERTIONS = NO;
				ENABLE_STRICT_OBJC_MSGSEND = YES;
				ENABLE_USER_SCRIPT_SANDBOXING = YES;
				GCC_C_LANGUAGE_STANDARD = gnu17;
				GCC_NO_COMMON_BLOCKS = YES;
				GCC_WARN_64_TO_32_BIT_CONVERSION = YES;
				GCC_WARN_ABOUT_RETURN_TYPE = YES_ERROR;
				GCC_WARN_UNDECLARED_SELECTOR = YES;
				GCC_WARN_UNINITIALIZED_AUTOS = YES_AGGRESSIVE;
				GCC_WARN_UNUSED_FUNCTION = YES;
				GCC_WARN_UNUSED_VARIABLE = YES;
				IPHONEOS_DEPLOYMENT_TARGET = 18.0;
				LOCALIZATION_PREFERS_STRING_CATALOGS = YES;
				MTL_ENABLE_DEBUG_INFO = NO;
				MTL_FAST_MATH = YES;
				SDKROOT = iphoneos;
				SWIFT_COMPILATION_MODE = wholemodule;
				VALIDATE_PRODUCT = YES;
			};
			name = Release;
		};
		ED23E7382CD7FF7D00AC7891 /* Debug */ = {
			isa = XCBuildConfiguration;
			buildSettings = {
				ASSETCATALOG_COMPILER_APPICON_NAME = AppIcon;
				ASSETCATALOG_COMPILER_GLOBAL_ACCENT_COLOR_NAME = AccentColor;
				CODE_SIGN_STYLE = Automatic;
				CURRENT_PROJECT_VERSION = 1;
				DEVELOPMENT_ASSET_PATHS = "\"PhotosMovies/Resources/Preview Content\"";
				DEVELOPMENT_TEAM = M92NK435W6;
				ENABLE_PREVIEWS = YES;
				GENERATE_INFOPLIST_FILE = YES;
				INFOPLIST_KEY_UIApplicationSceneManifest_Generation = YES;
				INFOPLIST_KEY_UIApplicationSupportsIndirectInputEvents = YES;
				INFOPLIST_KEY_UILaunchScreen_Generation = YES;
				INFOPLIST_KEY_UISupportedInterfaceOrientations_iPad = "UIInterfaceOrientationPortrait UIInterfaceOrientationPortraitUpsideDown UIInterfaceOrientationLandscapeLeft UIInterfaceOrientationLandscapeRight";
				INFOPLIST_KEY_UISupportedInterfaceOrientations_iPhone = "UIInterfaceOrientationPortrait UIInterfaceOrientationLandscapeLeft UIInterfaceOrientationLandscapeRight";
				LD_RUNPATH_SEARCH_PATHS = (
					"$(inherited)",
					"@executable_path/Frameworks",
				);
				MARKETING_VERSION = 1.0;
				PRODUCT_BUNDLE_IDENTIFIER = com.pavel.PhotosMovies;
				PRODUCT_NAME = "$(TARGET_NAME)";
				SWIFT_EMIT_LOC_STRINGS = YES;
				SWIFT_VERSION = 5.0;
				TARGETED_DEVICE_FAMILY = "1,2";
			};
			name = Debug;
		};
		ED23E7392CD7FF7D00AC7891 /* Release */ = {
			isa = XCBuildConfiguration;
			buildSettings = {
				ASSETCATALOG_COMPILER_APPICON_NAME = AppIcon;
				ASSETCATALOG_COMPILER_GLOBAL_ACCENT_COLOR_NAME = AccentColor;
				CODE_SIGN_STYLE = Automatic;
				CURRENT_PROJECT_VERSION = 1;
				DEVELOPMENT_ASSET_PATHS = "\"PhotosMovies/Resources/Preview Content\"";
				DEVELOPMENT_TEAM = M92NK435W6;
				ENABLE_PREVIEWS = YES;
				GENERATE_INFOPLIST_FILE = YES;
				INFOPLIST_KEY_UIApplicationSceneManifest_Generation = YES;
				INFOPLIST_KEY_UIApplicationSupportsIndirectInputEvents = YES;
				INFOPLIST_KEY_UILaunchScreen_Generation = YES;
				INFOPLIST_KEY_UISupportedInterfaceOrientations_iPad = "UIInterfaceOrientationPortrait UIInterfaceOrientationPortraitUpsideDown UIInterfaceOrientationLandscapeLeft UIInterfaceOrientationLandscapeRight";
				INFOPLIST_KEY_UISupportedInterfaceOrientations_iPhone = "UIInterfaceOrientationPortrait UIInterfaceOrientationLandscapeLeft UIInterfaceOrientationLandscapeRight";
				LD_RUNPATH_SEARCH_PATHS = (
					"$(inherited)",
					"@executable_path/Frameworks",
				);
				MARKETING_VERSION = 1.0;
				PRODUCT_BUNDLE_IDENTIFIER = com.pavel.PhotosMovies;
				PRODUCT_NAME = "$(TARGET_NAME)";
				SWIFT_EMIT_LOC_STRINGS = YES;
				SWIFT_VERSION = 5.0;
				TARGETED_DEVICE_FAMILY = "1,2";
			};
			name = Release;
		};
		ED23E73B2CD7FF7D00AC7891 /* Debug */ = {
			isa = XCBuildConfiguration;
			buildSettings = {
				BUNDLE_LOADER = "$(TEST_HOST)";
				CODE_SIGN_STYLE = Automatic;
				CURRENT_PROJECT_VERSION = 1;
				DEVELOPMENT_TEAM = M92NK435W6;
				GENERATE_INFOPLIST_FILE = YES;
				IPHONEOS_DEPLOYMENT_TARGET = 18.0;
				MARKETING_VERSION = 1.0;
				PRODUCT_BUNDLE_IDENTIFIER = com.pavel.PhotosMoviesTests;
				PRODUCT_NAME = "$(TARGET_NAME)";
				SWIFT_EMIT_LOC_STRINGS = NO;
				SWIFT_VERSION = 5.0;
				TARGETED_DEVICE_FAMILY = "1,2";
				TEST_HOST = "$(BUILT_PRODUCTS_DIR)/PhotosMovies.app/$(BUNDLE_EXECUTABLE_FOLDER_PATH)/PhotosMovies";
			};
			name = Debug;
		};
		ED23E73C2CD7FF7D00AC7891 /* Release */ = {
			isa = XCBuildConfiguration;
			buildSettings = {
				BUNDLE_LOADER = "$(TEST_HOST)";
				CODE_SIGN_STYLE = Automatic;
				CURRENT_PROJECT_VERSION = 1;
				DEVELOPMENT_TEAM = M92NK435W6;
				GENERATE_INFOPLIST_FILE = YES;
				IPHONEOS_DEPLOYMENT_TARGET = 18.0;
				MARKETING_VERSION = 1.0;
				PRODUCT_BUNDLE_IDENTIFIER = com.pavel.PhotosMoviesTests;
				PRODUCT_NAME = "$(TARGET_NAME)";
				SWIFT_EMIT_LOC_STRINGS = NO;
				SWIFT_VERSION = 5.0;
				TARGETED_DEVICE_FAMILY = "1,2";
				TEST_HOST = "$(BUILT_PRODUCTS_DIR)/PhotosMovies.app/$(BUNDLE_EXECUTABLE_FOLDER_PATH)/PhotosMovies";
			};
			name = Release;
		};
		ED23E73E2CD7FF7D00AC7891 /* Debug */ = {
			isa = XCBuildConfiguration;
			buildSettings = {
				CODE_SIGN_STYLE = Automatic;
				CURRENT_PROJECT_VERSION = 1;
				DEVELOPMENT_TEAM = M92NK435W6;
				GENERATE_INFOPLIST_FILE = YES;
				MARKETING_VERSION = 1.0;
				PRODUCT_BUNDLE_IDENTIFIER = com.pavel.PhotosMoviesUITests;
				PRODUCT_NAME = "$(TARGET_NAME)";
				SWIFT_EMIT_LOC_STRINGS = NO;
				SWIFT_VERSION = 5.0;
				TARGETED_DEVICE_FAMILY = "1,2";
				TEST_TARGET_NAME = PhotosMovies;
			};
			name = Debug;
		};
		ED23E73F2CD7FF7D00AC7891 /* Release */ = {
			isa = XCBuildConfiguration;
			buildSettings = {
				CODE_SIGN_STYLE = Automatic;
				CURRENT_PROJECT_VERSION = 1;
				DEVELOPMENT_TEAM = M92NK435W6;
				GENERATE_INFOPLIST_FILE = YES;
				MARKETING_VERSION = 1.0;
				PRODUCT_BUNDLE_IDENTIFIER = com.pavel.PhotosMoviesUITests;
				PRODUCT_NAME = "$(TARGET_NAME)";
				SWIFT_EMIT_LOC_STRINGS = NO;
				SWIFT_VERSION = 5.0;
				TARGETED_DEVICE_FAMILY = "1,2";
				TEST_TARGET_NAME = PhotosMovies;
			};
			name = Release;
		};
/* End XCBuildConfiguration section */

/* Begin XCConfigurationList section */
		ED23E70E2CD7FF7A00AC7891 /* Build configuration list for PBXProject "PhotosMovies" */ = {
			isa = XCConfigurationList;
			buildConfigurations = (
				ED23E7352CD7FF7D00AC7891 /* Debug */,
				ED23E7362CD7FF7D00AC7891 /* Release */,
			);
			defaultConfigurationIsVisible = 0;
			defaultConfigurationName = Release;
		};
		ED23E7372CD7FF7D00AC7891 /* Build configuration list for PBXNativeTarget "PhotosMovies" */ = {
			isa = XCConfigurationList;
			buildConfigurations = (
				ED23E7382CD7FF7D00AC7891 /* Debug */,
				ED23E7392CD7FF7D00AC7891 /* Release */,
			);
			defaultConfigurationIsVisible = 0;
			defaultConfigurationName = Release;
		};
		ED23E73A2CD7FF7D00AC7891 /* Build configuration list for PBXNativeTarget "PhotosMoviesTests" */ = {
			isa = XCConfigurationList;
			buildConfigurations = (
				ED23E73B2CD7FF7D00AC7891 /* Debug */,
				ED23E73C2CD7FF7D00AC7891 /* Release */,
			);
			defaultConfigurationIsVisible = 0;
			defaultConfigurationName = Release;
		};
		ED23E73D2CD7FF7D00AC7891 /* Build configuration list for PBXNativeTarget "PhotosMoviesUITests" */ = {
			isa = XCConfigurationList;
			buildConfigurations = (
				ED23E73E2CD7FF7D00AC7891 /* Debug */,
				ED23E73F2CD7FF7D00AC7891 /* Release */,
			);
			defaultConfigurationIsVisible = 0;
			defaultConfigurationName = Release;
		};
/* End XCConfigurationList section */
	};
	rootObject = ED23E70B2CD7FF7A00AC7891 /* Project object */;
}
